
Microsoft Visual Studio Solution File, Format Version 12.00
# Visual Studio Version 17
VisualStudioVersion = 17.6.33829.357
MinimumVisualStudioVersion = 10.0.40219.1
Project("{FAE04EC0-301F-11D3-BF4B-00C04F79EFBC}") = "Sooq2Door.Android", "Sooq2Door.Android\Sooq2Door.Android.csproj", "{1277D2A5-9EFF-44B7-95F0-FEB09DE195FE}"
EndProject
Project("{FAE04EC0-301F-11D3-BF4B-00C04F79EFBC}") = "Sooq2Door.iOS", "Sooq2Door.iOS\Sooq2Door.iOS.csproj", "{B3D04CBE-CC87-4C0A-A1AA-753A781E6FD2}"
EndProject
Project("{9A19103F-16F7-4668-BE54-9A1E7A4F7556}") = "Sooq2Door", "Sooq2Door\Sooq2Door.csproj", "{DB0E404A-B277-4E4C-8A47-FC0D06767EF0}"
EndProject
Project("{FAE04EC0-301F-11D3-BF4B-00C04F79EFBC}") = "GetPrices", "GetPrices\GetPrices.csproj", "{5E8FE5A5-ECB2-4A04-A7D6-69FA63F3C9AE}"
EndProject
Global
	GlobalSection(SolutionConfigurationPlatforms) = preSolution
		Debug|Any CPU = Debug|Any CPU
		Debug|iPhone = Debug|iPhone
		Debug|iPhoneSimulator = Debug|iPhoneSimulator
		Release|Any CPU = Release|Any CPU
		Release|iPhone = Release|iPhone
		Release|iPhoneSimulator = Release|iPhoneSimulator
	EndGlobalSection
	GlobalSection(ProjectConfigurationPlatforms) = postSolution
		{1277D2A5-9EFF-44B7-95F0-FEB09DE195FE}.Debug|Any CPU.ActiveCfg = Debug|Any CPU
		{1277D2A5-9EFF-44B7-95F0-FEB09DE195FE}.Debug|Any CPU.Build.0 = Debug|Any CPU
		{1277D2A5-9EFF-44B7-95F0-FEB09DE195FE}.Debug|Any CPU.Deploy.0 = Debug|Any CPU
		{1277D2A5-9EFF-44B7-95F0-FEB09DE195FE}.Debug|iPhone.ActiveCfg = Debug|Any CPU
		{1277D2A5-9EFF-44B7-95F0-FEB09DE195FE}.Debug|iPhone.Build.0 = Debug|Any CPU
		{1277D2A5-9EFF-44B7-95F0-FEB09DE195FE}.Debug|iPhone.Deploy.0 = Debug|Any CPU
		{1277D2A5-9EFF-44B7-95F0-FEB09DE195FE}.Debug|iPhoneSimulator.ActiveCfg = Debug|Any CPU
		{1277D2A5-9EFF-44B7-95F0-FEB09DE195FE}.Debug|iPhoneSimulator.Build.0 = Debug|Any CPU
		{1277D2A5-9EFF-44B7-95F0-FEB09DE195FE}.Debug|iPhoneSimulator.Deploy.0 = Debug|Any CPU
		{1277D2A5-9EFF-44B7-95F0-FEB09DE195FE}.Release|Any CPU.ActiveCfg = Release|Any CPU
		{1277D2A5-9EFF-44B7-95F0-FEB09DE195FE}.Release|Any CPU.Build.0 = Release|Any CPU
		{1277D2A5-9EFF-44B7-95F0-FEB09DE195FE}.Release|Any CPU.Deploy.0 = Release|Any CPU
		{1277D2A5-9EFF-44B7-95F0-FEB09DE195FE}.Release|iPhone.ActiveCfg = Release|Any CPU
		{1277D2A5-9EFF-44B7-95F0-FEB09DE195FE}.Release|iPhone.Build.0 = Release|Any CPU
		{1277D2A5-9EFF-44B7-95F0-FEB09DE195FE}.Release|iPhone.Deploy.0 = Release|Any CPU
		{1277D2A5-9EFF-44B7-95F0-FEB09DE195FE}.Release|iPhoneSimulator.ActiveCfg = Release|Any CPU
		{1277D2A5-9EFF-44B7-95F0-FEB09DE195FE}.Release|iPhoneSimulator.Build.0 = Release|Any CPU
		{1277D2A5-9EFF-44B7-95F0-FEB09DE195FE}.Release|iPhoneSimulator.Deploy.0 = Release|Any CPU
		{B3D04CBE-CC87-4C0A-A1AA-753A781E6FD2}.Debug|Any CPU.ActiveCfg = Debug|iPhone
		{B3D04CBE-CC87-4C0A-A1AA-753A781E6FD2}.Debug|Any CPU.Build.0 = Debug|iPhone
		{B3D04CBE-CC87-4C0A-A1AA-753A781E6FD2}.Debug|Any CPU.Deploy.0 = Debug|iPhone
		{B3D04CBE-CC87-4C0A-A1AA-753A781E6FD2}.Debug|iPhone.ActiveCfg = Debug|iPhone
		{B3D04CBE-CC87-4C0A-A1AA-753A781E6FD2}.Debug|iPhone.Build.0 = Debug|iPhone
		{B3D04CBE-CC87-4C0A-A1AA-753A781E6FD2}.Debug|iPhone.Deploy.0 = Debug|iPhone
		{B3D04CBE-CC87-4C0A-A1AA-753A781E6FD2}.Debug|iPhoneSimulator.ActiveCfg = Debug|iPhoneSimulator
		{B3D04CBE-CC87-4C0A-A1AA-753A781E6FD2}.Debug|iPhoneSimulator.Build.0 = Debug|iPhoneSimulator
		{B3D04CBE-CC87-4C0A-A1AA-753A781E6FD2}.Debug|iPhoneSimulator.Deploy.0 = Debug|iPhoneSimulator
		{B3D04CBE-CC87-4C0A-A1AA-753A781E6FD2}.Release|Any CPU.ActiveCfg = Release|iPhoneSimulator
		{B3D04CBE-CC87-4C0A-A1AA-753A781E6FD2}.Release|Any CPU.Build.0 = Release|iPhoneSimulator
		{B3D04CBE-CC87-4C0A-A1AA-753A781E6FD2}.Release|Any CPU.Deploy.0 = Release|iPhoneSimulator
		{B3D04CBE-CC87-4C0A-A1AA-753A781E6FD2}.Release|iPhone.ActiveCfg = Release|iPhone
		{B3D04CBE-CC87-4C0A-A1AA-753A781E6FD2}.Release|iPhone.Build.0 = Release|iPhone
		{B3D04CBE-CC87-4C0A-A1AA-753A781E6FD2}.Release|iPhone.Deploy.0 = Release|iPhone
		{B3D04CBE-CC87-4C0A-A1AA-753A781E6FD2}.Release|iPhoneSimulator.ActiveCfg = Release|iPhoneSimulator
		{B3D04CBE-CC87-4C0A-A1AA-753A781E6FD2}.Release|iPhoneSimulator.Build.0 = Release|iPhoneSimulator
		{B3D04CBE-CC87-4C0A-A1AA-753A781E6FD2}.Release|iPhoneSimulator.Deploy.0 = Release|iPhoneSimulator
		{DB0E404A-B277-4E4C-8A47-FC0D06767EF0}.Debug|Any CPU.ActiveCfg = Debug|Any CPU
		{DB0E404A-B277-4E4C-8A47-FC0D06767EF0}.Debug|Any CPU.Build.0 = Debug|Any CPU
		{DB0E404A-B277-4E4C-8A47-FC0D06767EF0}.Debug|Any CPU.Deploy.0 = Debug|Any CPU
		{DB0E404A-B277-4E4C-8A47-FC0D06767EF0}.Debug|iPhone.ActiveCfg = Debug|Any CPU
		{DB0E404A-B277-4E4C-8A47-FC0D06767EF0}.Debug|iPhone.Build.0 = Debug|Any CPU
		{DB0E404A-B277-4E4C-8A47-FC0D06767EF0}.Debug|iPhone.Deploy.0 = Debug|Any CPU
		{DB0E404A-B277-4E4C-8A47-FC0D06767EF0}.Debug|iPhoneSimulator.ActiveCfg = Debug|Any CPU
		{DB0E404A-B277-4E4C-8A47-FC0D06767EF0}.Debug|iPhoneSimulator.Build.0 = Debug|Any CPU
		{DB0E404A-B277-4E4C-8A47-FC0D06767EF0}.Debug|iPhoneSimulator.Deploy.0 = Debug|Any CPU
		{DB0E404A-B277-4E4C-8A47-FC0D06767EF0}.Release|Any CPU.ActiveCfg = Release|Any CPU
		{DB0E404A-B277-4E4C-8A47-FC0D06767EF0}.Release|Any CPU.Build.0 = Release|Any CPU
		{DB0E404A-B277-4E4C-8A47-FC0D06767EF0}.Release|Any CPU.Deploy.0 = Release|Any CPU
		{DB0E404A-B277-4E4C-8A47-FC0D06767EF0}.Release|iPhone.ActiveCfg = Release|Any CPU
		{DB0E404A-B277-4E4C-8A47-FC0D06767EF0}.Release|iPhone.Build.0 = Release|Any CPU
		{DB0E404A-B277-4E4C-8A47-FC0D06767EF0}.Release|iPhone.Deploy.0 = Release|Any CPU
		{DB0E404A-B277-4E4C-8A47-FC0D06767EF0}.Release|iPhoneSimulator.ActiveCfg = Release|Any CPU
		{DB0E404A-B277-4E4C-8A47-FC0D06767EF0}.Release|iPhoneSimulator.Build.0 = Release|Any CPU
		{DB0E404A-B277-4E4C-8A47-FC0D06767EF0}.Release|iPhoneSimulator.Deploy.0 = Release|Any CPU
		{5E8FE5A5-ECB2-4A04-A7D6-69FA63F3C9AE}.Debug|Any CPU.ActiveCfg = Debug|Any CPU
		{5E8FE5A5-ECB2-4A04-A7D6-69FA63F3C9AE}.Debug|Any CPU.Build.0 = Debug|Any CPU
		{5E8FE5A5-ECB2-4A04-A7D6-69FA63F3C9AE}.Debug|iPhone.ActiveCfg = Debug|Any CPU
		{5E8FE5A5-ECB2-4A04-A7D6-69FA63F3C9AE}.Debug|iPhone.Build.0 = Debug|Any CPU
		{5E8FE5A5-ECB2-4A04-A7D6-69FA63F3C9AE}.Debug|iPhoneSimulator.ActiveCfg = Debug|Any CPU
		{5E8FE5A5-ECB2-4A04-A7D6-69FA63F3C9AE}.Debug|iPhoneSimulator.Build.0 = Debug|Any CPU
		{5E8FE5A5-ECB2-4A04-A7D6-69FA63F3C9AE}.Release|Any CPU.ActiveCfg = Release|Any CPU
		{5E8FE5A5-ECB2-4A04-A7D6-69FA63F3C9AE}.Release|Any CPU.Build.0 = Release|Any CPU
		{5E8FE5A5-ECB2-4A04-A7D6-69FA63F3C9AE}.Release|iPhone.ActiveCfg = Release|Any CPU
		{5E8FE5A5-ECB2-4A04-A7D6-69FA63F3C9AE}.Release|iPhone.Build.0 = Release|Any CPU
		{5E8FE5A5-ECB2-4A04-A7D6-69FA63F3C9AE}.Release|iPhoneSimulator.ActiveCfg = Release|Any CPU
		{5E8FE5A5-ECB2-4A04-A7D6-69FA63F3C9AE}.Release|iPhoneSimulator.Build.0 = Release|Any CPU
	EndGlobalSection
	GlobalSection(SolutionProperties) = preSolution
		HideSolutionNode = FALSE
	EndGlobalSection
	GlobalSection(ExtensibilityGlobals) = postSolution
		SolutionGuid = {6F7C059F-1DD7-4FD4-9CB2-A3FB1E26C064}
	EndGlobalSection
EndGlobal
